
Microsoft Visual Studio Solution File, Format Version 12.00
# Visual Studio Version 17
VisualStudioVersion = 17.8.34525.116
MinimumVisualStudioVersion = 10.0.40219.1
Project("{9A19103F-16F7-4668-BE54-9A1E7A4F7556}") = "Domain", "Core\Domain\Domain.csproj", "{FF16BC05-8628-46C9-97F5-6622DF406F4B}"
EndProject
Project("{9A19103F-16F7-4668-BE54-9A1E7A4F7556}") = "Application", "Core\Application\Application.csproj", "{FCCD9C71-9606-4671-9376-53AB95FED6E0}"
EndProject
Project("{2150E333-8FDC-42A3-9474-1A3956D46DE8}") = "Core", "Core", "{5FCACC4C-AFD9-4CD7-874A-73D41A51D387}"
EndProject
Project("{2150E333-8FDC-42A3-9474-1A3956D46DE8}") = "Infrastructure", "Infrastructure", "{9C52D500-02AE-477D-A9AE-8E93D3E33CDC}"
EndProject
Project("{9A19103F-16F7-4668-BE54-9A1E7A4F7556}") = "Persistence", "Infrastructure\Persistence\Persistence.csproj", "{7BA2E9B6-FD5B-4C37-91E6-5C803BAEFA47}"
EndProject
Project("{9A19103F-16F7-4668-BE54-9A1E7A4F7556}") = "Infrastructure", "Infrastructure\Infrastructure\Infrastructure.csproj", "{215F06AE-BBB3-48A7-847C-F5B435CB8ADE}"
EndProject
Project("{2150E333-8FDC-42A3-9474-1A3956D46DE8}") = "Presentation", "Presentation", "{8DB069EA-D5AD-4AA0-AADD-34DAD0427A3A}"
EndProject
Project("{FAE04EC0-301F-11D3-BF4B-00C04F79EFBC}") = "FailteAPI", "Presentation\FailteAPI\FailteAPI.csproj", "{54297DB7-0E3C-471D-AF36-5E349803528D}"
EndProject
Global
	GlobalSection(SolutionConfigurationPlatforms) = preSolution
		Debug|Any CPU = Debug|Any CPU
		Release|Any CPU = Release|Any CPU
	EndGlobalSection
	GlobalSection(ProjectConfigurationPlatforms) = postSolution
		{FF16BC05-8628-46C9-97F5-6622DF406F4B}.Debug|Any CPU.ActiveCfg = Debug|Any CPU
		{FF16BC05-8628-46C9-97F5-6622DF406F4B}.Debug|Any CPU.Build.0 = Debug|Any CPU
		{FF16BC05-8628-46C9-97F5-6622DF406F4B}.Release|Any CPU.ActiveCfg = Release|Any CPU
		{FF16BC05-8628-46C9-97F5-6622DF406F4B}.Release|Any CPU.Build.0 = Release|Any CPU
		{FCCD9C71-9606-4671-9376-53AB95FED6E0}.Debug|Any CPU.ActiveCfg = Debug|Any CPU
		{FCCD9C71-9606-4671-9376-53AB95FED6E0}.Debug|Any CPU.Build.0 = Debug|Any CPU
		{FCCD9C71-9606-4671-9376-53AB95FED6E0}.Release|Any CPU.ActiveCfg = Release|Any CPU
		{FCCD9C71-9606-4671-9376-53AB95FED6E0}.Release|Any CPU.Build.0 = Release|Any CPU
		{7BA2E9B6-FD5B-4C37-91E6-5C803BAEFA47}.Debug|Any CPU.ActiveCfg = Debug|Any CPU
		{7BA2E9B6-FD5B-4C37-91E6-5C803BAEFA47}.Debug|Any CPU.Build.0 = Debug|Any CPU
		{7BA2E9B6-FD5B-4C37-91E6-5C803BAEFA47}.Release|Any CPU.ActiveCfg = Release|Any CPU
		{7BA2E9B6-FD5B-4C37-91E6-5C803BAEFA47}.Release|Any CPU.Build.0 = Release|Any CPU
		{215F06AE-BBB3-48A7-847C-F5B435CB8ADE}.Debug|Any CPU.ActiveCfg = Debug|Any CPU
		{215F06AE-BBB3-48A7-847C-F5B435CB8ADE}.Debug|Any CPU.Build.0 = Debug|Any CPU
		{215F06AE-BBB3-48A7-847C-F5B435CB8ADE}.Release|Any CPU.ActiveCfg = Release|Any CPU
		{215F06AE-BBB3-48A7-847C-F5B435CB8ADE}.Release|Any CPU.Build.0 = Release|Any CPU
		{54297DB7-0E3C-471D-AF36-5E349803528D}.Debug|Any CPU.ActiveCfg = Debug|Any CPU
		{54297DB7-0E3C-471D-AF36-5E349803528D}.Debug|Any CPU.Build.0 = Debug|Any CPU
		{54297DB7-0E3C-471D-AF36-5E349803528D}.Release|Any CPU.ActiveCfg = Release|Any CPU
		{54297DB7-0E3C-471D-AF36-5E349803528D}.Release|Any CPU.Build.0 = Release|Any CPU
	EndGlobalSection
	GlobalSection(SolutionProperties) = preSolution
		HideSolutionNode = FALSE
	EndGlobalSection
	GlobalSection(NestedProjects) = preSolution
		{FF16BC05-8628-46C9-97F5-6622DF406F4B} = {5FCACC4C-AFD9-4CD7-874A-73D41A51D387}
		{FCCD9C71-9606-4671-9376-53AB95FED6E0} = {5FCACC4C-AFD9-4CD7-874A-73D41A51D387}
		{7BA2E9B6-FD5B-4C37-91E6-5C803BAEFA47} = {9C52D500-02AE-477D-A9AE-8E93D3E33CDC}
		{215F06AE-BBB3-48A7-847C-F5B435CB8ADE} = {9C52D500-02AE-477D-A9AE-8E93D3E33CDC}
		{54297DB7-0E3C-471D-AF36-5E349803528D} = {8DB069EA-D5AD-4AA0-AADD-34DAD0427A3A}
	EndGlobalSection
	GlobalSection(ExtensibilityGlobals) = postSolution
		SolutionGuid = {ACA6A960-A3DC-4FEF-AB16-A14020360708}
	EndGlobalSection
EndGlobal
